
Microsoft Visual Studio Solution File, Format Version 12.00
# Visual Studio Version 16
VisualStudioVersion = 16.0.28917.182
MinimumVisualStudioVersion = 10.0.40219.1
Project("{FAE04EC0-301F-11D3-BF4B-00C04F79EFBC}") = "BonTemps", "BonTemps\BonTemps.csproj", "{87FC117E-D917-4313-BC91-748754DAABE1}"
EndProject
Global
	GlobalSection(SolutionConfigurationPlatforms) = preSolution
		Debug|Any CPU = Debug|Any CPU
		Release|Any CPU = Release|Any CPU
	EndGlobalSection
	GlobalSection(ProjectConfigurationPlatforms) = postSolution
		{87FC117E-D917-4313-BC91-748754DAABE1}.Debug|Any CPU.ActiveCfg = Debug|Any CPU
		{87FC117E-D917-4313-BC91-748754DAABE1}.Debug|Any CPU.Build.0 = Debug|Any CPU
		{87FC117E-D917-4313-BC91-748754DAABE1}.Release|Any CPU.ActiveCfg = Release|Any CPU
		{87FC117E-D917-4313-BC91-748754DAABE1}.Release|Any CPU.Build.0 = Release|Any CPU
	EndGlobalSection
	GlobalSection(SolutionProperties) = preSolution
		HideSolutionNode = FALSE
	EndGlobalSection
	GlobalSection(ExtensibilityGlobals) = postSolution
		SolutionGuid = {B1A5EA35-8755-4302-B42E-77FF9499908F}
	EndGlobalSection
EndGlobal
